
Microsoft Visual Studio Solution File, Format Version 12.00
# Visual Studio Version 17
VisualStudioVersion = 17.6.33829.357
MinimumVisualStudioVersion = 10.0.40219.1
Project("{FAE04EC0-301F-11D3-BF4B-00C04F79EFBC}") = "HappyBrowser", "HappyBrowser.csproj", "{A92E9F75-B18D-4C28-A554-EFC7A58631F9}"
EndProject
Global
	GlobalSection(SolutionConfigurationPlatforms) = preSolution
		Debug|Any CPU = Debug|Any CPU
		Release|Any CPU = Release|Any CPU
	EndGlobalSection
	GlobalSection(ProjectConfigurationPlatforms) = postSolution
		{A92E9F75-B18D-4C28-A554-EFC7A58631F9}.Debug|Any CPU.ActiveCfg = Debug|Any CPU
		{A92E9F75-B18D-4C28-A554-EFC7A58631F9}.Debug|Any CPU.Build.0 = Debug|Any CPU
		{A92E9F75-B18D-4C28-A554-EFC7A58631F9}.Release|Any CPU.ActiveCfg = Release|Any CPU
		{A92E9F75-B18D-4C28-A554-EFC7A58631F9}.Release|Any CPU.Build.0 = Release|Any CPU
	EndGlobalSection
	GlobalSection(SolutionProperties) = preSolution
		HideSolutionNode = FALSE
	EndGlobalSection
	GlobalSection(ExtensibilityGlobals) = postSolution
		SolutionGuid = {5BCB7E80-C847-4861-BAF5-9584583C4EBA}
	EndGlobalSection
EndGlobal
