
Microsoft Visual Studio Solution File, Format Version 12.00
# Visual Studio Version 17
VisualStudioVersion = 17.6.33829.357
MinimumVisualStudioVersion = 10.0.40219.1
Project("{9A19103F-16F7-4668-BE54-9A1E7A4F7556}") = "HappyBrowser", "HappyBrowser.csproj", "{A92E9F75-B18D-4C28-A554-EFC7A58631F9}"
EndProject
Global
	GlobalSection(SolutionConfigurationPlatforms) = preSolution
		Debug|Any CPU = Debug|Any CPU
		Debug|x64 = Debug|x64
		Release|Any CPU = Release|Any CPU
		Release|x64 = Release|x64
	EndGlobalSection
	GlobalSection(ProjectConfigurationPlatforms) = postSolution
		{A92E9F75-B18D-4C28-A554-EFC7A58631F9}.Debug|Any CPU.ActiveCfg = Debug|Any CPU
		{A92E9F75-B18D-4C28-A554-EFC7A58631F9}.Debug|Any CPU.Build.0 = Debug|Any CPU
		{A92E9F75-B18D-4C28-A554-EFC7A58631F9}.Debug|x64.ActiveCfg = Debug|x64
		{A92E9F75-B18D-4C28-A554-EFC7A58631F9}.Debug|x64.Build.0 = Debug|x64
		{A92E9F75-B18D-4C28-A554-EFC7A58631F9}.Release|Any CPU.ActiveCfg = Release|Any CPU
		{A92E9F75-B18D-4C28-A554-EFC7A58631F9}.Release|Any CPU.Build.0 = Release|Any CPU
		{A92E9F75-B18D-4C28-A554-EFC7A58631F9}.Release|x64.ActiveCfg = Release|x64
		{A92E9F75-B18D-4C28-A554-EFC7A58631F9}.Release|x64.Build.0 = Release|x64
	EndGlobalSection
	GlobalSection(SolutionProperties) = preSolution
		HideSolutionNode = FALSE
	EndGlobalSection
	GlobalSection(ExtensibilityGlobals) = postSolution
		SolutionGuid = {5BCB7E80-C847-4861-BAF5-9584583C4EBA}
	EndGlobalSection
EndGlobal
